// !$*UTF8*$!
{
	archiveVersion = 1;
	classes = {
	};
	objectVersion = 46;
	objects = {

/* Begin PBXBuildFile section */
		2D5E8CBE19C2411F00104009 /* OSVPinnedView.m in Sources */ = {isa = PBXBuildFile; fileRef = 2D5E8CBD19C2411F00104009 /* OSVPinnedView.m */; };
		2D7E86BC19D4DEF400049B29 /* OSVSnappyView.m in Sources */ = {isa = PBXBuildFile; fileRef = 2D7E86BB19D4DEF400049B29 /* OSVSnappyView.m */; };
		2DC4316E19BFDA840040C889 /* Foundation.framework in Frameworks */ = {isa = PBXBuildFile; fileRef = 2DC4316D19BFDA840040C889 /* Foundation.framework */; };
		2DC4317019BFDA840040C889 /* CoreGraphics.framework in Frameworks */ = {isa = PBXBuildFile; fileRef = 2DC4316F19BFDA840040C889 /* CoreGraphics.framework */; };
		2DC4317219BFDA840040C889 /* UIKit.framework in Frameworks */ = {isa = PBXBuildFile; fileRef = 2DC4317119BFDA840040C889 /* UIKit.framework */; };
		2DC4317819BFDA840040C889 /* InfoPlist.strings in Resources */ = {isa = PBXBuildFile; fileRef = 2DC4317619BFDA840040C889 /* InfoPlist.strings */; };
		2DC4317A19BFDA840040C889 /* main.m in Sources */ = {isa = PBXBuildFile; fileRef = 2DC4317919BFDA840040C889 /* main.m */; };
		2DC4317E19BFDA840040C889 /* OSVAppDelegate.m in Sources */ = {isa = PBXBuildFile; fileRef = 2DC4317D19BFDA840040C889 /* OSVAppDelegate.m */; };
		2DC4318019BFDA840040C889 /* Images.xcassets in Resources */ = {isa = PBXBuildFile; fileRef = 2DC4317F19BFDA840040C889 /* Images.xcassets */; };
		2DC4318719BFDA840040C889 /* XCTest.framework in Frameworks */ = {isa = PBXBuildFile; fileRef = 2DC4318619BFDA840040C889 /* XCTest.framework */; };
		2DC4318819BFDA840040C889 /* Foundation.framework in Frameworks */ = {isa = PBXBuildFile; fileRef = 2DC4316D19BFDA840040C889 /* Foundation.framework */; };
		2DC4318919BFDA840040C889 /* UIKit.framework in Frameworks */ = {isa = PBXBuildFile; fileRef = 2DC4317119BFDA840040C889 /* UIKit.framework */; };
		2DC4319119BFDA840040C889 /* InfoPlist.strings in Resources */ = {isa = PBXBuildFile; fileRef = 2DC4318F19BFDA840040C889 /* InfoPlist.strings */; };
		2DC4319319BFDA840040C889 /* ofScrollsAndViewsTests.m in Sources */ = {isa = PBXBuildFile; fileRef = 2DC4319219BFDA840040C889 /* ofScrollsAndViewsTests.m */; };
		2DC4319E19BFDBF70040C889 /* OSVConcentricView.m in Sources */ = {isa = PBXBuildFile; fileRef = 2DC4319D19BFDBF70040C889 /* OSVConcentricView.m */; };
/* End PBXBuildFile section */

/* Begin PBXContainerItemProxy section */
		2DC4318A19BFDA840040C889 /* PBXContainerItemProxy */ = {
			isa = PBXContainerItemProxy;
			containerPortal = 2DC4316219BFDA840040C889 /* Project object */;
			proxyType = 1;
			remoteGlobalIDString = 2DC4316919BFDA840040C889;
			remoteInfo = ofScrollsAndViews;
		};
/* End PBXContainerItemProxy section */

/* Begin PBXFileReference section */
		2D5E8CBC19C2411F00104009 /* OSVPinnedView.h */ = {isa = PBXFileReference; fileEncoding = 4; lastKnownFileType = sourcecode.c.h; name = OSVPinnedView.h; path = src/OSVPinnedView.h; sourceTree = "<group>"; };
		2D5E8CBD19C2411F00104009 /* OSVPinnedView.m */ = {isa = PBXFileReference; fileEncoding = 4; lastKnownFileType = sourcecode.c.objc; name = OSVPinnedView.m; path = src/OSVPinnedView.m; sourceTree = "<group>"; };
		2D7E86BA19D4DEF400049B29 /* OSVSnappyView.h */ = {isa = PBXFileReference; fileEncoding = 4; lastKnownFileType = sourcecode.c.h; path = OSVSnappyView.h; sourceTree = "<group>"; };
		2D7E86BB19D4DEF400049B29 /* OSVSnappyView.m */ = {isa = PBXFileReference; fileEncoding = 4; lastKnownFileType = sourcecode.c.objc; path = OSVSnappyView.m; sourceTree = "<group>"; };
		2DC4316A19BFDA840040C889 /* ofScrollsAndViews.app */ = {isa = PBXFileReference; explicitFileType = wrapper.application; includeInIndex = 0; path = ofScrollsAndViews.app; sourceTree = BUILT_PRODUCTS_DIR; };
		2DC4316D19BFDA840040C889 /* Foundation.framework */ = {isa = PBXFileReference; lastKnownFileType = wrapper.framework; name = Foundation.framework; path = System/Library/Frameworks/Foundation.framework; sourceTree = SDKROOT; };
		2DC4316F19BFDA840040C889 /* CoreGraphics.framework */ = {isa = PBXFileReference; lastKnownFileType = wrapper.framework; name = CoreGraphics.framework; path = System/Library/Frameworks/CoreGraphics.framework; sourceTree = SDKROOT; };
		2DC4317119BFDA840040C889 /* UIKit.framework */ = {isa = PBXFileReference; lastKnownFileType = wrapper.framework; name = UIKit.framework; path = System/Library/Frameworks/UIKit.framework; sourceTree = SDKROOT; };
		2DC4317519BFDA840040C889 /* ofScrollsAndViews-Info.plist */ = {isa = PBXFileReference; lastKnownFileType = text.plist.xml; path = "ofScrollsAndViews-Info.plist"; sourceTree = "<group>"; };
		2DC4317719BFDA840040C889 /* en */ = {isa = PBXFileReference; lastKnownFileType = text.plist.strings; name = en; path = en.lproj/InfoPlist.strings; sourceTree = "<group>"; };
		2DC4317919BFDA840040C889 /* main.m */ = {isa = PBXFileReference; lastKnownFileType = sourcecode.c.objc; path = main.m; sourceTree = "<group>"; };
		2DC4317B19BFDA840040C889 /* ofScrollsAndViews-Prefix.pch */ = {isa = PBXFileReference; lastKnownFileType = sourcecode.c.h; path = "ofScrollsAndViews-Prefix.pch"; sourceTree = "<group>"; };
		2DC4317C19BFDA840040C889 /* OSVAppDelegate.h */ = {isa = PBXFileReference; lastKnownFileType = sourcecode.c.h; path = OSVAppDelegate.h; sourceTree = "<group>"; };
		2DC4317D19BFDA840040C889 /* OSVAppDelegate.m */ = {isa = PBXFileReference; lastKnownFileType = sourcecode.c.objc; path = OSVAppDelegate.m; sourceTree = "<group>"; };
		2DC4317F19BFDA840040C889 /* Images.xcassets */ = {isa = PBXFileReference; lastKnownFileType = folder.assetcatalog; path = Images.xcassets; sourceTree = "<group>"; };
		2DC4318519BFDA840040C889 /* ofScrollsAndViewsTests.xctest */ = {isa = PBXFileReference; explicitFileType = wrapper.cfbundle; includeInIndex = 0; path = ofScrollsAndViewsTests.xctest; sourceTree = BUILT_PRODUCTS_DIR; };
		2DC4318619BFDA840040C889 /* XCTest.framework */ = {isa = PBXFileReference; lastKnownFileType = wrapper.framework; name = XCTest.framework; path = Library/Frameworks/XCTest.framework; sourceTree = DEVELOPER_DIR; };
		2DC4318E19BFDA840040C889 /* ofScrollsAndViewsTests-Info.plist */ = {isa = PBXFileReference; lastKnownFileType = text.plist.xml; path = "ofScrollsAndViewsTests-Info.plist"; sourceTree = "<group>"; };
		2DC4319019BFDA840040C889 /* en */ = {isa = PBXFileReference; lastKnownFileType = text.plist.strings; name = en; path = en.lproj/InfoPlist.strings; sourceTree = "<group>"; };
		2DC4319219BFDA840040C889 /* ofScrollsAndViewsTests.m */ = {isa = PBXFileReference; lastKnownFileType = sourcecode.c.objc; path = ofScrollsAndViewsTests.m; sourceTree = "<group>"; };
		2DC4319C19BFDBF70040C889 /* OSVConcentricView.h */ = {isa = PBXFileReference; fileEncoding = 4; lastKnownFileType = sourcecode.c.h; name = OSVConcentricView.h; path = src/OSVConcentricView.h; sourceTree = "<group>"; };
		2DC4319D19BFDBF70040C889 /* OSVConcentricView.m */ = {isa = PBXFileReference; fileEncoding = 4; lastKnownFileType = sourcecode.c.objc; name = OSVConcentricView.m; path = src/OSVConcentricView.m; sourceTree = "<group>"; };
/* End PBXFileReference section */

/* Begin PBXFrameworksBuildPhase section */
		2DC4316719BFDA840040C889 /* Frameworks */ = {
			isa = PBXFrameworksBuildPhase;
			buildActionMask = 2147483647;
			files = (
				2DC4317019BFDA840040C889 /* CoreGraphics.framework in Frameworks */,
				2DC4317219BFDA840040C889 /* UIKit.framework in Frameworks */,
				2DC4316E19BFDA840040C889 /* Foundation.framework in Frameworks */,
			);
			runOnlyForDeploymentPostprocessing = 0;
		};
		2DC4318219BFDA840040C889 /* Frameworks */ = {
			isa = PBXFrameworksBuildPhase;
			buildActionMask = 2147483647;
			files = (
				2DC4318719BFDA840040C889 /* XCTest.framework in Frameworks */,
				2DC4318919BFDA840040C889 /* UIKit.framework in Frameworks */,
				2DC4318819BFDA840040C889 /* Foundation.framework in Frameworks */,
			);
			runOnlyForDeploymentPostprocessing = 0;
		};
/* End PBXFrameworksBuildPhase section */

/* Begin PBXGroup section */
		2DC4316119BFDA840040C889 = {
			isa = PBXGroup;
			children = (
				2DC4317319BFDA840040C889 /* ofScrollsAndViews */,
				2DC4318C19BFDA840040C889 /* ofScrollsAndViewsTests */,
				2DC4316C19BFDA840040C889 /* Frameworks */,
				2DC4316B19BFDA840040C889 /* Products */,
			);
			sourceTree = "<group>";
		};
		2DC4316B19BFDA840040C889 /* Products */ = {
			isa = PBXGroup;
			children = (
				2DC4316A19BFDA840040C889 /* ofScrollsAndViews.app */,
				2DC4318519BFDA840040C889 /* ofScrollsAndViewsTests.xctest */,
			);
			name = Products;
			sourceTree = "<group>";
		};
		2DC4316C19BFDA840040C889 /* Frameworks */ = {
			isa = PBXGroup;
			children = (
				2DC4316D19BFDA840040C889 /* Foundation.framework */,
				2DC4316F19BFDA840040C889 /* CoreGraphics.framework */,
				2DC4317119BFDA840040C889 /* UIKit.framework */,
				2DC4318619BFDA840040C889 /* XCTest.framework */,
			);
			name = Frameworks;
			sourceTree = "<group>";
		};
		2DC4317319BFDA840040C889 /* ofScrollsAndViews */ = {
			isa = PBXGroup;
			children = (
				2DC4319F19BFDC0C0040C889 /* views */,
				2DC4317C19BFDA840040C889 /* OSVAppDelegate.h */,
				2DC4317D19BFDA840040C889 /* OSVAppDelegate.m */,
				2DC4317F19BFDA840040C889 /* Images.xcassets */,
				2DC4317419BFDA840040C889 /* Supporting Files */,
			);
			path = ofScrollsAndViews;
			sourceTree = "<group>";
		};
		2DC4317419BFDA840040C889 /* Supporting Files */ = {
			isa = PBXGroup;
			children = (
				2DC4317519BFDA840040C889 /* ofScrollsAndViews-Info.plist */,
				2DC4317619BFDA840040C889 /* InfoPlist.strings */,
				2DC4317919BFDA840040C889 /* main.m */,
				2DC4317B19BFDA840040C889 /* ofScrollsAndViews-Prefix.pch */,
			);
			name = "Supporting Files";
			sourceTree = "<group>";
		};
		2DC4318C19BFDA840040C889 /* ofScrollsAndViewsTests */ = {
			isa = PBXGroup;
			children = (
				2DC4319219BFDA840040C889 /* ofScrollsAndViewsTests.m */,
				2DC4318D19BFDA840040C889 /* Supporting Files */,
			);
			path = ofScrollsAndViewsTests;
			sourceTree = "<group>";
		};
		2DC4318D19BFDA840040C889 /* Supporting Files */ = {
			isa = PBXGroup;
			children = (
				2DC4318E19BFDA840040C889 /* ofScrollsAndViewsTests-Info.plist */,
				2DC4318F19BFDA840040C889 /* InfoPlist.strings */,
			);
			name = "Supporting Files";
			sourceTree = "<group>";
		};
		2DC4319F19BFDC0C0040C889 /* views */ = {
			isa = PBXGroup;
			children = (
				2DC4319C19BFDBF70040C889 /* OSVConcentricView.h */,
				2DC4319D19BFDBF70040C889 /* OSVConcentricView.m */,
				2D5E8CBC19C2411F00104009 /* OSVPinnedView.h */,
				2D5E8CBD19C2411F00104009 /* OSVPinnedView.m */,
				2D7E86BA19D4DEF400049B29 /* OSVSnappyView.h */,
				2D7E86BB19D4DEF400049B29 /* OSVSnappyView.m */,
			);
			name = views;
			sourceTree = "<group>";
		};
/* End PBXGroup section */

/* Begin PBXNativeTarget section */
		2DC4316919BFDA840040C889 /* ofScrollsAndViews */ = {
			isa = PBXNativeTarget;
			buildConfigurationList = 2DC4319619BFDA840040C889 /* Build configuration list for PBXNativeTarget "ofScrollsAndViews" */;
			buildPhases = (
				2DC4316619BFDA840040C889 /* Sources */,
				2DC4316719BFDA840040C889 /* Frameworks */,
				2DC4316819BFDA840040C889 /* Resources */,
			);
			buildRules = (
			);
			dependencies = (
			);
			name = ofScrollsAndViews;
			productName = ofScrollsAndViews;
			productReference = 2DC4316A19BFDA840040C889 /* ofScrollsAndViews.app */;
			productType = "com.apple.product-type.application";
		};
		2DC4318419BFDA840040C889 /* ofScrollsAndViewsTests */ = {
			isa = PBXNativeTarget;
			buildConfigurationList = 2DC4319919BFDA840040C889 /* Build configuration list for PBXNativeTarget "ofScrollsAndViewsTests" */;
			buildPhases = (
				2DC4318119BFDA840040C889 /* Sources */,
				2DC4318219BFDA840040C889 /* Frameworks */,
				2DC4318319BFDA840040C889 /* Resources */,
			);
			buildRules = (
			);
			dependencies = (
				2DC4318B19BFDA840040C889 /* PBXTargetDependency */,
			);
			name = ofScrollsAndViewsTests;
			productName = ofScrollsAndViewsTests;
			productReference = 2DC4318519BFDA840040C889 /* ofScrollsAndViewsTests.xctest */;
			productType = "com.apple.product-type.bundle.unit-test";
		};
/* End PBXNativeTarget section */

/* Begin PBXProject section */
		2DC4316219BFDA840040C889 /* Project object */ = {
			isa = PBXProject;
			attributes = {
				CLASSPREFIX = OSV;
				LastUpgradeCheck = 0510;
				TargetAttributes = {
					2DC4318419BFDA840040C889 = {
						TestTargetID = 2DC4316919BFDA840040C889;
					};
				};
			};
			buildConfigurationList = 2DC4316519BFDA840040C889 /* Build configuration list for PBXProject "ofScrollsAndViews" */;
			compatibilityVersion = "Xcode 3.2";
			developmentRegion = English;
			hasScannedForEncodings = 0;
			knownRegions = (
				en,
			);
			mainGroup = 2DC4316119BFDA840040C889;
			productRefGroup = 2DC4316B19BFDA840040C889 /* Products */;
			projectDirPath = "";
			projectRoot = "";
			targets = (
				2DC4316919BFDA840040C889 /* ofScrollsAndViews */,
				2DC4318419BFDA840040C889 /* ofScrollsAndViewsTests */,
			);
		};
/* End PBXProject section */

/* Begin PBXResourcesBuildPhase section */
		2DC4316819BFDA840040C889 /* Resources */ = {
			isa = PBXResourcesBuildPhase;
			buildActionMask = 2147483647;
			files = (
				2DC4317819BFDA840040C889 /* InfoPlist.strings in Resources */,
				2DC4318019BFDA840040C889 /* Images.xcassets in Resources */,
			);
			runOnlyForDeploymentPostprocessing = 0;
		};
		2DC4318319BFDA840040C889 /* Resources */ = {
			isa = PBXResourcesBuildPhase;
			buildActionMask = 2147483647;
			files = (
				2DC4319119BFDA840040C889 /* InfoPlist.strings in Resources */,
			);
			runOnlyForDeploymentPostprocessing = 0;
		};
/* End PBXResourcesBuildPhase section */

/* Begin PBXSourcesBuildPhase section */
		2DC4316619BFDA840040C889 /* Sources */ = {
			isa = PBXSourcesBuildPhase;
			buildActionMask = 2147483647;
			files = (
				2D7E86BC19D4DEF400049B29 /* OSVSnappyView.m in Sources */,
				2DC4317A19BFDA840040C889 /* main.m in Sources */,
				2DC4317E19BFDA840040C889 /* OSVAppDelegate.m in Sources */,
				2DC4319E19BFDBF70040C889 /* OSVConcentricView.m in Sources */,
				2D5E8CBE19C2411F00104009 /* OSVPinnedView.m in Sources */,
			);
			runOnlyForDeploymentPostprocessing = 0;
		};
		2DC4318119BFDA840040C889 /* Sources */ = {
			isa = PBXSourcesBuildPhase;
			buildActionMask = 2147483647;
			files = (
				2DC4319319BFDA840040C889 /* ofScrollsAndViewsTests.m in Sources */,
			);
			runOnlyForDeploymentPostprocessing = 0;
		};
/* End PBXSourcesBuildPhase section */

/* Begin PBXTargetDependency section */
		2DC4318B19BFDA840040C889 /* PBXTargetDependency */ = {
			isa = PBXTargetDependency;
			target = 2DC4316919BFDA840040C889 /* ofScrollsAndViews */;
			targetProxy = 2DC4318A19BFDA840040C889 /* PBXContainerItemProxy */;
		};
/* End PBXTargetDependency section */

/* Begin PBXVariantGroup section */
		2DC4317619BFDA840040C889 /* InfoPlist.strings */ = {
			isa = PBXVariantGroup;
			children = (
				2DC4317719BFDA840040C889 /* en */,
			);
			name = InfoPlist.strings;
			sourceTree = "<group>";
		};
		2DC4318F19BFDA840040C889 /* InfoPlist.strings */ = {
			isa = PBXVariantGroup;
			children = (
				2DC4319019BFDA840040C889 /* en */,
			);
			name = InfoPlist.strings;
			sourceTree = "<group>";
		};
/* End PBXVariantGroup section */

/* Begin XCBuildConfiguration section */
		2DC4319419BFDA840040C889 /* Debug */ = {
			isa = XCBuildConfiguration;
			buildSettings = {
				ALWAYS_SEARCH_USER_PATHS = NO;
				CLANG_CXX_LANGUAGE_STANDARD = "gnu++0x";
				CLANG_CXX_LIBRARY = "libc++";
				CLANG_ENABLE_MODULES = YES;
				CLANG_ENABLE_OBJC_ARC = YES;
				CLANG_WARN_BOOL_CONVERSION = YES;
				CLANG_WARN_CONSTANT_CONVERSION = YES;
				CLANG_WARN_DIRECT_OBJC_ISA_USAGE = YES_ERROR;
				CLANG_WARN_EMPTY_BODY = YES;
				CLANG_WARN_ENUM_CONVERSION = YES;
				CLANG_WARN_INT_CONVERSION = YES;
				CLANG_WARN_OBJC_ROOT_CLASS = YES_ERROR;
				CLANG_WARN__DUPLICATE_METHOD_MATCH = YES;
				"CODE_SIGN_IDENTITY[sdk=iphoneos*]" = "iPhone Developer";
				COPY_PHASE_STRIP = NO;
				GCC_C_LANGUAGE_STANDARD = gnu99;
				GCC_DYNAMIC_NO_PIC = NO;
				GCC_OPTIMIZATION_LEVEL = 0;
				GCC_PREPROCESSOR_DEFINITIONS = (
					"DEBUG=1",
					"$(inherited)",
				);
				GCC_SYMBOLS_PRIVATE_EXTERN = NO;
				GCC_WARN_64_TO_32_BIT_CONVERSION = YES;
				GCC_WARN_ABOUT_RETURN_TYPE = YES_ERROR;
				GCC_WARN_UNDECLARED_SELECTOR = YES;
				GCC_WARN_UNINITIALIZED_AUTOS = YES_AGGRESSIVE;
				GCC_WARN_UNUSED_FUNCTION = YES;
				GCC_WARN_UNUSED_VARIABLE = YES;
				IPHONEOS_DEPLOYMENT_TARGET = 7.1;
				ONLY_ACTIVE_ARCH = YES;
				SDKROOT = iphoneos;
			};
			name = Debug;
		};
		2DC4319519BFDA840040C889 /* Release */ = {
			isa = XCBuildConfiguration;
			buildSettings = {
				ALWAYS_SEARCH_USER_PATHS = NO;
				CLANG_CXX_LANGUAGE_STANDARD = "gnu++0x";
				CLANG_CXX_LIBRARY = "libc++";
				CLANG_ENABLE_MODULES = YES;
				CLANG_ENABLE_OBJC_ARC = YES;
				CLANG_WARN_BOOL_CONVERSION = YES;
				CLANG_WARN_CONSTANT_CONVERSION = YES;
				CLANG_WARN_DIRECT_OBJC_ISA_USAGE = YES_ERROR;
				CLANG_WARN_EMPTY_BODY = YES;
				CLANG_WARN_ENUM_CONVERSION = YES;
				CLANG_WARN_INT_CONVERSION = YES;
				CLANG_WARN_OBJC_ROOT_CLASS = YES_ERROR;
				CLANG_WARN__DUPLICATE_METHOD_MATCH = YES;
				"CODE_SIGN_IDENTITY[sdk=iphoneos*]" = "iPhone Developer";
				COPY_PHASE_STRIP = YES;
				ENABLE_NS_ASSERTIONS = NO;
				GCC_C_LANGUAGE_STANDARD = gnu99;
				GCC_WARN_64_TO_32_BIT_CONVERSION = YES;
				GCC_WARN_ABOUT_RETURN_TYPE = YES_ERROR;
				GCC_WARN_UNDECLARED_SELECTOR = YES;
				GCC_WARN_UNINITIALIZED_AUTOS = YES_AGGRESSIVE;
				GCC_WARN_UNUSED_FUNCTION = YES;
				GCC_WARN_UNUSED_VARIABLE = YES;
				IPHONEOS_DEPLOYMENT_TARGET = 7.1;
				SDKROOT = iphoneos;
				VALIDATE_PRODUCT = YES;
			};
			name = Release;
		};
		2DC4319719BFDA840040C889 /* Debug */ = {
			isa = XCBuildConfiguration;
			buildSettings = {
				ASSETCATALOG_COMPILER_APPICON_NAME = AppIcon;
				ASSETCATALOG_COMPILER_LAUNCHIMAGE_NAME = LaunchImage;
				GCC_PRECOMPILE_PREFIX_HEADER = YES;
				GCC_PREFIX_HEADER = "ofScrollsAndViews/ofScrollsAndViews-Prefix.pch";
				INFOPLIST_FILE = "ofScrollsAndViews/ofScrollsAndViews-Info.plist";
				PRODUCT_NAME = "$(TARGET_NAME)";
				WRAPPER_EXTENSION = app;
			};
			name = Debug;
		};
		2DC4319819BFDA840040C889 /* Release */ = {
			isa = XCBuildConfiguration;
			buildSettings = {
				ASSETCATALOG_COMPILER_APPICON_NAME = AppIcon;
				ASSETCATALOG_COMPILER_LAUNCHIMAGE_NAME = LaunchImage;
				GCC_PRECOMPILE_PREFIX_HEADER = YES;
				GCC_PREFIX_HEADER = "ofScrollsAndViews/ofScrollsAndViews-Prefix.pch";
				INFOPLIST_FILE = "ofScrollsAndViews/ofScrollsAndViews-Info.plist";
				PRODUCT_NAME = "$(TARGET_NAME)";
				WRAPPER_EXTENSION = app;
			};
			name = Release;
		};
		2DC4319A19BFDA840040C889 /* Debug */ = {
			isa = XCBuildConfiguration;
			buildSettings = {
				BUNDLE_LOADER = "$(BUILT_PRODUCTS_DIR)/ofScrollsAndViews.app/ofScrollsAndViews";
				FRAMEWORK_SEARCH_PATHS = (
					"$(SDKROOT)/Developer/Library/Frameworks",
					"$(inherited)",
					"$(DEVELOPER_FRAMEWORKS_DIR)",
				);
				GCC_PRECOMPILE_PREFIX_HEADER = YES;
				GCC_PREFIX_HEADER = "ofScrollsAndViews/ofScrollsAndViews-Prefix.pch";
				GCC_PREPROCESSOR_DEFINITIONS = (
					"DEBUG=1",
					"$(inherited)",
				);
				INFOPLIST_FILE = "ofScrollsAndViewsTests/ofScrollsAndViewsTests-Info.plist";
				PRODUCT_NAME = "$(TARGET_NAME)";
				TEST_HOST = "$(BUNDLE_LOADER)";
				WRAPPER_EXTENSION = xctest;
			};
			name = Debug;
		};
		2DC4319B19BFDA840040C889 /* Release */ = {
			isa = XCBuildConfiguration;
			buildSettings = {
				BUNDLE_LOADER = "$(BUILT_PRODUCTS_DIR)/ofScrollsAndViews.app/ofScrollsAndViews";
				FRAMEWORK_SEARCH_PATHS = (
					"$(SDKROOT)/Developer/Library/Frameworks",
					"$(inherited)",
					"$(DEVELOPER_FRAMEWORKS_DIR)",
				);
				GCC_PRECOMPILE_PREFIX_HEADER = YES;
				GCC_PREFIX_HEADER = "ofScrollsAndViews/ofScrollsAndViews-Prefix.pch";
				INFOPLIST_FILE = "ofScrollsAndViewsTests/ofScrollsAndViewsTests-Info.plist";
				PRODUCT_NAME = "$(TARGET_NAME)";
				TEST_HOST = "$(BUNDLE_LOADER)";
				WRAPPER_EXTENSION = xctest;
			};
			name = Release;
		};
/* End XCBuildConfiguration section */

/* Begin XCConfigurationList section */
		2DC4316519BFDA840040C889 /* Build configuration list for PBXProject "ofScrollsAndViews" */ = {
			isa = XCConfigurationList;
			buildConfigurations = (
				2DC4319419BFDA840040C889 /* Debug */,
				2DC4319519BFDA840040C889 /* Release */,
			);
			defaultConfigurationIsVisible = 0;
			defaultConfigurationName = Release;
		};
		2DC4319619BFDA840040C889 /* Build configuration list for PBXNativeTarget "ofScrollsAndViews" */ = {
			isa = XCConfigurationList;
			buildConfigurations = (
				2DC4319719BFDA840040C889 /* Debug */,
				2DC4319819BFDA840040C889 /* Release */,
			);
			defaultConfigurationIsVisible = 0;
			defaultConfigurationName = Release;
		};
		2DC4319919BFDA840040C889 /* Build configuration list for PBXNativeTarget "ofScrollsAndViewsTests" */ = {
			isa = XCConfigurationList;
			buildConfigurations = (
				2DC4319A19BFDA840040C889 /* Debug */,
				2DC4319B19BFDA840040C889 /* Release */,
			);
			defaultConfigurationIsVisible = 0;
			defaultConfigurationName = Release;
		};
/* End XCConfigurationList section */
	};
	rootObject = 2DC4316219BFDA840040C889 /* Project object */;
}
